GEM
  remote: https://rubygems.org/
  specs:
    colorize (1.1.0)
    iostruct (0.7.0)
    zhexdump (0.3.0)

PLATFORMS
  arm64-darwin-25
  ruby

DEPENDENCIES
  colorize (~> 1.1)
  iostruct (~> 0.7.0)
  zhexdump (~> 0.3.0)

CHECKSUMS
  colorize (1.1.0) sha256=30b5237f0603f6662ab8d1fc2bd4a96142b806c6415d79e45ef5fdc6a0cfc837
  iostruct (0.7.0) sha256=e93f2ffea3b79a0e1045f0e0bd3f202368d89c53b692878e693cf50603bae49c
  zhexdump (0.3.0) sha256=d8a4cfc06d7960587a67e0018a8675af22c5b1706b41bfe32333ed6a26712973

BUNDLED WITH
  4.0.3
